
Microsoft Visual Studio Solution File, Format Version 12.00
# Visual Studio Version 16
VisualStudioVersion = 16.0.29728.190
MinimumVisualStudioVersion = 10.0.40219.1
Project("{FAE04EC0-301F-11D3-BF4B-00C04F79EFBC}") = "Clase2403", "Clase2403\Clase2403.csproj", "{471B679C-4D2A-4E4A-BBBC-C3E1B11BA963}"
EndProject
Global
	GlobalSection(SolutionConfigurationPlatforms) = preSolution
		Debug|Any CPU = Debug|Any CPU
		Release|Any CPU = Release|Any CPU
	EndGlobalSection
	GlobalSection(ProjectConfigurationPlatforms) = postSolution
		{471B679C-4D2A-4E4A-BBBC-C3E1B11BA963}.Debug|Any CPU.ActiveCfg = Debug|Any CPU
		{471B679C-4D2A-4E4A-BBBC-C3E1B11BA963}.Debug|Any CPU.Build.0 = Debug|Any CPU
		{471B679C-4D2A-4E4A-BBBC-C3E1B11BA963}.Release|Any CPU.ActiveCfg = Release|Any CPU
		{471B679C-4D2A-4E4A-BBBC-C3E1B11BA963}.Release|Any CPU.Build.0 = Release|Any CPU
	EndGlobalSection
	GlobalSection(SolutionProperties) = preSolution
		HideSolutionNode = FALSE
	EndGlobalSection
	GlobalSection(ExtensibilityGlobals) = postSolution
		SolutionGuid = {FBA5D7BE-36DF-4D22-B591-F5BE1D9DCAC4}
	EndGlobalSection
EndGlobal
